
Microsoft Visual Studio Solution File, Format Version 12.00
# Visual Studio Version 17
VisualStudioVersion = 17.9.34607.119
MinimumVisualStudioVersion = 10.0.40219.1
Project("{FAE04EC0-301F-11D3-BF4B-00C04F79EFBC}") = "MyIPScaner", "MyIPScaner\MyIPScaner.csproj", "{11C71D81-9E1F-4CBE-86A1-96E97F2B4976}"
EndProject
Global
	GlobalSection(SolutionConfigurationPlatforms) = preSolution
		Debug|Any CPU = Debug|Any CPU
		Release|Any CPU = Release|Any CPU
	EndGlobalSection
	GlobalSection(ProjectConfigurationPlatforms) = postSolution
		{11C71D81-9E1F-4CBE-86A1-96E97F2B4976}.Debug|Any CPU.ActiveCfg = Debug|Any CPU
		{11C71D81-9E1F-4CBE-86A1-96E97F2B4976}.Debug|Any CPU.Build.0 = Debug|Any CPU
		{11C71D81-9E1F-4CBE-86A1-96E97F2B4976}.Release|Any CPU.ActiveCfg = Release|Any CPU
		{11C71D81-9E1F-4CBE-86A1-96E97F2B4976}.Release|Any CPU.Build.0 = Release|Any CPU
	EndGlobalSection
	GlobalSection(SolutionProperties) = preSolution
		HideSolutionNode = FALSE
	EndGlobalSection
	GlobalSection(ExtensibilityGlobals) = postSolution
		SolutionGuid = {81847E16-5D71-4D5D-AA46-B3BD67AF8F9A}
	EndGlobalSection
EndGlobal
